{
  "name": "@n2/core",
  "version": "0.1.2",
  "lockfileVersion": 1,
  "requires": true,
  "dependencies": {
    "@n2/common": {
      "version": "0.1.1",
      "requires": {
        "chalk": "^2.4.1"
      },
      "dependencies": {
        "@types/node": {
          "version": "10.9.4",
          "bundled": true
        },
        "ansi-styles": {
          "version": "3.2.1",
          "bundled": true,
          "requires": {
            "color-convert": "^1.9.0"
          }
        },
        "balanced-match": {
          "version": "1.0.0",
          "bundled": true
        },
        "brace-expansion": {
          "version": "1.1.11",
          "bundled": true,
          "requires": {
            "balanced-match": "^1.0.0",
            "concat-map": "0.0.1"
          }
        },
        "chalk": {
          "version": "2.4.1",
          "bundled": true,
          "requires": {
            "ansi-styles": "^3.2.1",
            "escape-string-regexp": "^1.0.5",
            "supports-color": "^5.3.0"
          }
        },
        "color-convert": {
          "version": "1.9.3",
          "bundled": true,
          "requires": {
            "color-name": "1.1.3"
          }
        },
        "color-name": {
          "version": "1.1.3",
          "bundled": true
        },
        "concat-map": {
          "version": "0.0.1",
          "bundled": true
        },
        "escape-string-regexp": {
          "version": "1.0.5",
          "bundled": true
        },
        "fs.realpath": {
          "version": "1.0.0",
          "bundled": true
        },
        "glob": {
          "version": "7.1.3",
          "bundled": true,
          "requires": {
            "fs.realpath": "^1.0.0",
            "inflight": "^1.0.4",
            "inherits": "2",
            "minimatch": "^3.0.4",
            "once": "^1.3.0",
            "path-is-absolute": "^1.0.0"
          }
        },
        "has-flag": {
          "version": "3.0.0",
          "bundled": true
        },
        "inflight": {
          "version": "1.0.6",
          "bundled": true,
          "requires": {
            "once": "^1.3.0",
            "wrappy": "1"
          }
        },
        "inherits": {
          "version": "2.0.3",
          "bundled": true
        },
        "minimatch": {
          "version": "3.0.4",
          "bundled": true,
          "requires": {
            "brace-expansion": "^1.1.7"
          }
        },
        "once": {
          "version": "1.4.0",
          "bundled": true,
          "requires": {
            "wrappy": "1"
          }
        },
        "path-is-absolute": {
          "version": "1.0.1",
          "bundled": true
        },
        "rimraf": {
          "version": "2.6.2",
          "bundled": true,
          "requires": {
            "glob": "^7.0.5"
          }
        },
        "supports-color": {
          "version": "5.5.0",
          "bundled": true,
          "requires": {
            "has-flag": "^3.0.0"
          }
        },
        "tsai": {
          "version": "2.1.0",
          "bundled": true
        },
        "typescript": {
          "version": "3.0.3",
          "bundled": true
        },
        "wrappy": {
          "version": "1.0.2",
          "bundled": true
        }
      }
    },
    "@n2/net": {
      "version": "0.3.0",
      "requires": {
        "@n2/common": "^0.1.1",
        "node-rsa": "^1.0.1"
      },
      "dependencies": {
        "@n2/common": {
          "version": "0.1.1",
          "bundled": true,
          "requires": {
            "chalk": "^2.4.1"
          },
          "dependencies": {
            "@types/node": {
              "version": "10.9.4",
              "bundled": true
            },
            "ansi-styles": {
              "version": "3.2.1",
              "bundled": true,
              "requires": {
                "color-convert": "^1.9.0"
              }
            },
            "balanced-match": {
              "version": "1.0.0",
              "bundled": true
            },
            "brace-expansion": {
              "version": "1.1.11",
              "bundled": true,
              "requires": {
                "balanced-match": "^1.0.0",
                "concat-map": "0.0.1"
              }
            },
            "chalk": {
              "version": "2.4.1",
              "bundled": true,
              "requires": {
                "ansi-styles": "^3.2.1",
                "escape-string-regexp": "^1.0.5",
                "supports-color": "^5.3.0"
              }
            },
            "color-convert": {
              "version": "1.9.3",
              "bundled": true,
              "requires": {
                "color-name": "1.1.3"
              }
            },
            "color-name": {
              "version": "1.1.3",
              "bundled": true
            },
            "concat-map": {
              "version": "0.0.1",
              "bundled": true
            },
            "escape-string-regexp": {
              "version": "1.0.5",
              "bundled": true
            },
            "fs.realpath": {
              "version": "1.0.0",
              "bundled": true
            },
            "glob": {
              "version": "7.1.3",
              "bundled": true,
              "requires": {
                "fs.realpath": "^1.0.0",
                "inflight": "^1.0.4",
                "inherits": "2",
                "minimatch": "^3.0.4",
                "once": "^1.3.0",
                "path-is-absolute": "^1.0.0"
              }
            },
            "has-flag": {
              "version": "3.0.0",
              "bundled": true
            },
            "inflight": {
              "version": "1.0.6",
              "bundled": true,
              "requires": {
                "once": "^1.3.0",
                "wrappy": "1"
              }
            },
            "inherits": {
              "version": "2.0.3",
              "bundled": true
            },
            "minimatch": {
              "version": "3.0.4",
              "bundled": true,
              "requires": {
                "brace-expansion": "^1.1.7"
              }
            },
            "once": {
              "version": "1.4.0",
              "bundled": true,
              "requires": {
                "wrappy": "1"
              }
            },
            "path-is-absolute": {
              "version": "1.0.1",
              "bundled": true
            },
            "rimraf": {
              "version": "2.6.2",
              "bundled": true,
              "requires": {
                "glob": "^7.0.5"
              }
            },
            "supports-color": {
              "version": "5.5.0",
              "bundled": true,
              "requires": {
                "has-flag": "^3.0.0"
              }
            },
            "tsai": {
              "version": "2.1.0",
              "bundled": true
            },
            "typescript": {
              "version": "3.0.3",
              "bundled": true
            },
            "wrappy": {
              "version": "1.0.2",
              "bundled": true
            }
          }
        },
        "@types/node": {
          "version": "10.9.4",
          "bundled": true
        },
        "@types/node-rsa": {
          "version": "0.4.3",
          "bundled": true,
          "requires": {
            "@types/node": "*"
          }
        },
        "asn1": {
          "version": "0.2.3",
          "bundled": true
        },
        "balanced-match": {
          "version": "1.0.0",
          "bundled": true
        },
        "brace-expansion": {
          "version": "1.1.11",
          "bundled": true,
          "requires": {
            "balanced-match": "1.0.0",
            "concat-map": "0.0.1"
          }
        },
        "concat-map": {
          "version": "0.0.1",
          "bundled": true
        },
        "fs.realpath": {
          "version": "1.0.0",
          "bundled": true
        },
        "glob": {
          "version": "7.1.3",
          "bundled": true,
          "requires": {
            "fs.realpath": "1.0.0",
            "inflight": "1.0.6",
            "inherits": "2.0.3",
            "minimatch": "3.0.4",
            "once": "1.4.0",
            "path-is-absolute": "1.0.1"
          }
        },
        "inflight": {
          "version": "1.0.6",
          "bundled": true,
          "requires": {
            "once": "1.4.0",
            "wrappy": "1.0.2"
          }
        },
        "inherits": {
          "version": "2.0.3",
          "bundled": true
        },
        "minimatch": {
          "version": "3.0.4",
          "bundled": true,
          "requires": {
            "brace-expansion": "1.1.11"
          }
        },
        "node-rsa": {
          "version": "1.0.1",
          "bundled": true,
          "requires": {
            "asn1": "0.2.3"
          }
        },
        "once": {
          "version": "1.4.0",
          "bundled": true,
          "requires": {
            "wrappy": "1.0.2"
          }
        },
        "path-is-absolute": {
          "version": "1.0.1",
          "bundled": true
        },
        "rimraf": {
          "version": "2.6.2",
          "bundled": true,
          "requires": {
            "glob": "7.1.3"
          }
        },
        "tsai": {
          "version": "2.1.0",
          "bundled": true
        },
        "typescript": {
          "version": "3.0.3",
          "bundled": true
        },
        "wrappy": {
          "version": "1.0.2",
          "bundled": true
        }
      }
    },
    "@types/node": {
      "version": "10.9.4",
      "resolved": "https://registry.npmjs.org/@types/node/-/node-10.9.4.tgz",
      "integrity": "sha512-fCHV45gS+m3hH17zgkgADUSi2RR1Vht6wOZ0jyHP8rjiQra9f+mIcgwPQHllmDocYOstIEbKlxbFDYlgrTPYqw==",
      "dev": true
    },
    "ip": {
      "version": "1.1.5",
      "resolved": "https://registry.npmjs.org/ip/-/ip-1.1.5.tgz",
      "integrity": "sha1-vd7XARQpCCjAoDnnLvJfWq7ENUo="
    },
    "smart-buffer": {
      "version": "4.0.1",
      "resolved": "https://registry.npmjs.org/smart-buffer/-/smart-buffer-4.0.1.tgz",
      "integrity": "sha512-RFqinRVJVcCAL9Uh1oVqE6FZkqsyLiVOYEZ20TqIOjuX7iFVJ+zsbs4RIghnw/pTs7mZvt8ZHhvm1ZUrR4fykg=="
    },
    "socks": {
      "version": "2.2.1",
      "resolved": "https://registry.npmjs.org/socks/-/socks-2.2.1.tgz",
      "integrity": "sha512-0GabKw7n9mI46vcNrVfs0o6XzWzjVa3h6GaSo2UPxtWAROXUWavfJWh1M4PR5tnE0dcnQXZIDFP4yrAysLze/w==",
      "requires": {
        "ip": "^1.1.5",
        "smart-buffer": "^4.0.1"
      }
    },
    "tsai": {
      "version": "2.1.0",
      "resolved": "https://registry.npmjs.org/tsai/-/tsai-2.1.0.tgz",
      "integrity": "sha512-luNghGvnj3SS2DYZqRL0tmAUGVLTwvLsRtL2R1sLsfiq6zd0EhLPvwvH6W5sc4Vqx4lG6lvce0253WuWfA2bEw==",
      "dev": true
    }
  }
}
